
Microsoft Visual Studio Solution File, Format Version 12.00
# Visual Studio Version 16
VisualStudioVersion = 16.0.28315.86
MinimumVisualStudioVersion = 10.0.40219.1
Project("{FAE04EC0-301F-11D3-BF4B-00C04F79EFBC}") = "MGtG", "MGtG.Web\MGtG.Web.csproj", "{90148DBE-C740-4129-972C-DDDFCA1398DD}"
EndProject
Global
	GlobalSection(SolutionConfigurationPlatforms) = preSolution
		Debug|Any CPU = Debug|Any CPU
		Release|Any CPU = Release|Any CPU
	EndGlobalSection
	GlobalSection(ProjectConfigurationPlatforms) = postSolution
		{90148DBE-C740-4129-972C-DDDFCA1398DD}.Debug|Any CPU.ActiveCfg = Debug|Any CPU
		{90148DBE-C740-4129-972C-DDDFCA1398DD}.Debug|Any CPU.Build.0 = Debug|Any CPU
		{90148DBE-C740-4129-972C-DDDFCA1398DD}.Release|Any CPU.ActiveCfg = Release|Any CPU
		{90148DBE-C740-4129-972C-DDDFCA1398DD}.Release|Any CPU.Build.0 = Release|Any CPU
	EndGlobalSection
	GlobalSection(SolutionProperties) = preSolution
		HideSolutionNode = FALSE
	EndGlobalSection
	GlobalSection(ExtensibilityGlobals) = postSolution
		SolutionGuid = {7B0892D1-7EAF-4912-82C9-1411FDFC7401}
	EndGlobalSection
EndGlobal
